lockfileVersion: '6.0'

settings:
  autoInstallPeers: true
  excludeLinksFromLockfile: false

dependencies:
  '@uploadthing/react':
    specifier: 7.1.5
    version: 7.1.5(next@14.2.11)(react@18.3.1)(uploadthing@7.4.4)
  next:
    specifier: 14.2.11
    version: 14.2.11(react-dom@18.3.1)(react@18.3.1)
  react:
    specifier: 18.3.1
    version: 18.3.1
  react-dom:
    specifier: 18.3.1
    version: 18.3.1(react@18.3.1)
  uploadthing:
    specifier: 7.4.4
    version: 7.4.4(next@14.2.11)

devDependencies:
  '@next/bundle-analyzer':
    specifier: 14.2.3
    version: 14.2.3
  '@types/node':
    specifier: ^20.14.0
    version: 20.17.10
  '@types/react':
    specifier: 18.3.3
    version: 18.3.3
  '@types/react-dom':
    specifier: 18.3.0
    version: 18.3.0
  typescript:
    specifier: ^5.5.2
    version: 5.7.2

packages:

  /@discoveryjs/json-ext@0.5.7:
    resolution: {integrity: sha512-dBVuXR082gk3jsFp7Rd/JI4kytwGHecnCoTtXFb7DB6CNHp4rg5k1bhg0nWdLGLnOV71lmDzGQaLMy8iPLY0pw==}
    engines: {node: '>=10.0.0'}
    dev: true

  /@effect/platform@0.70.7(effect@3.11.5):
    resolution: {integrity: sha512-TbNwj/mOJhycPygbmicGBS7CNtv5Z8WVheRbLUdP3oPAe/nbSOJVLc8ZPvOejhquF/1vJMKuqY5MWfkcBpvi/g==}
    peerDependencies:
      effect: ^3.11.5
    dependencies:
      effect: 3.11.5
      find-my-way-ts: 0.1.5
      multipasta: 0.2.5
    dev: false

  /@next/bundle-analyzer@14.2.3:
    resolution: {integrity: sha512-Z88hbbngMs7njZKI8kTJIlpdLKYfMSLwnsqYe54AP4aLmgL70/Ynx/J201DQ+q2Lr6FxFw1uCeLGImDrHOl2ZA==}
    dependencies:
      webpack-bundle-analyzer: 4.10.1
    transitivePeerDependencies:
      - bufferutil
      - utf-8-validate
    dev: true

  /@next/env@14.2.11:
    resolution: {integrity: sha512-HYsQRSIXwiNqvzzYThrBwq6RhXo3E0n8j8nQnAs8i4fCEo2Zf/3eS0IiRA8XnRg9Ha0YnpkyJZIZg1qEwemrHw==}
    dev: false

  /@next/swc-darwin-arm64@14.2.11:
    resolution: {integrity: sha512-eiY9u7wEJZWp/Pga07Qy3ZmNEfALmmSS1HtsJF3y1QEyaExu7boENz11fWqDmZ3uvcyAxCMhTrA1jfVxITQW8g==}
    engines: {node: '>= 10'}
    cpu: [arm64]
    os: [darwin]
    requiresBuild: true
    dev: false
    optional: true

  /@next/swc-darwin-x64@14.2.11:
    resolution: {integrity: sha512-lnB0zYCld4yE0IX3ANrVMmtAbziBb7MYekcmR6iE9bujmgERl6+FK+b0MBq0pl304lYe7zO4yxJus9H/Af8jbg==}
    engines: {node: '>= 10'}
    cpu: [x64]
    os: [darwin]
    requiresBuild: true
    dev: false
    optional: true

  /@next/swc-linux-arm64-gnu@14.2.11:
    resolution: {integrity: sha512-Ulo9TZVocYmUAtzvZ7FfldtwUoQY0+9z3BiXZCLSUwU2bp7GqHA7/bqrfsArDlUb2xeGwn3ZuBbKtNK8TR0A8w==}
    engines: {node: '>= 10'}
    cpu: [arm64]
    os: [linux]
    requiresBuild: true
    dev: false
    optional: true

  /@next/swc-linux-arm64-musl@14.2.11:
    resolution: {integrity: sha512-fH377DnKGyUnkWlmUpFF1T90m0dADBfK11dF8sOQkiELF9M+YwDRCGe8ZyDzvQcUd20Rr5U7vpZRrAxKwd3Rzg==}
    engines: {node: '>= 10'}
    cpu: [arm64]
    os: [linux]
    requiresBuild: true
    dev: false
    optional: true

  /@next/swc-linux-x64-gnu@14.2.11:
    resolution: {integrity: sha512-a0TH4ZZp4NS0LgXP/488kgvWelNpwfgGTUCDXVhPGH6pInb7yIYNgM4kmNWOxBFt+TIuOH6Pi9NnGG4XWFUyXQ==}
    engines: {node: '>= 10'}
    cpu: [x64]
    os: [linux]
    requiresBuild: true
    dev: false
    optional: true

  /@next/swc-linux-x64-musl@14.2.11:
    resolution: {integrity: sha512-DYYZcO4Uir2gZxA4D2JcOAKVs8ZxbOFYPpXSVIgeoQbREbeEHxysVsg3nY4FrQy51e5opxt5mOHl/LzIyZBoKA==}
    engines: {node: '>= 10'}
    cpu: [x64]
    os: [linux]
    requiresBuild: true
    dev: false
    optional: true

  /@next/swc-win32-arm64-msvc@14.2.11:
    resolution: {integrity: sha512-PwqHeKG3/kKfPpM6of1B9UJ+Er6ySUy59PeFu0Un0LBzJTRKKAg2V6J60Yqzp99m55mLa+YTbU6xj61ImTv9mg==}
    engines: {node: '>= 10'}
    cpu: [arm64]
    os: [win32]
    requiresBuild: true
    dev: false
    optional: true

  /@next/swc-win32-ia32-msvc@14.2.11:
    resolution: {integrity: sha512-0U7PWMnOYIvM74GY6rbH6w7v+vNPDVH1gUhlwHpfInJnNe5LkmUZqhp7FNWeNa5wbVgRcRi1F1cyxp4dmeLLvA==}
    engines: {node: '>= 10'}
    cpu: [ia32]
    os: [win32]
    requiresBuild: true
    dev: false
    optional: true

  /@next/swc-win32-x64-msvc@14.2.11:
    resolution: {integrity: sha512-gQpS7mcgovWoaTG1FbS5/ojF7CGfql1Q0ZLsMrhcsi2Sr9HEqsUZ70MPJyaYBXbk6iEAP7UXMD9HC8KY1qNwvA==}
    engines: {node: '>= 10'}
    cpu: [x64]
    os: [win32]
    requiresBuild: true
    dev: false
    optional: true

  /@polka/url@1.0.0-next.28:
    resolution: {integrity: sha512-8LduaNlMZGwdZ6qWrKlfa+2M4gahzFkprZiAt2TF8uS0qQgBizKXpXURqvTJ4WtmupWxaLqjRb2UCTe72mu+Aw==}
    dev: true

  /@standard-schema/spec@1.0.0-beta.3:
    resolution: {integrity: sha512-0ifF3BjA1E8SY9C+nUew8RefNOIq0cDlYALPty4rhUm8Rrl6tCM8hBT4bhGhx7I7iXD0uAgt50lgo8dD73ACMw==}
    dev: false

  /@swc/counter@0.1.3:
    resolution: {integrity: sha512-e2BR4lsJkkRlKZ/qCHPw9ZaSxc0MVUd7gtbtaB7aMvHeJVYe8sOB8DBZkP2DtISHGSku9sCK6T6cnY0CtXrOCQ==}
    dev: false

  /@swc/helpers@0.5.5:
    resolution: {integrity: sha512-KGYxvIOXcceOAbEk4bi/dVLEK9z8sZ0uBB3Il5b1rhfClSpcX0yfRO0KmTkqR2cnQDymwLB+25ZyMzICg/cm/A==}
    dependencies:
      '@swc/counter': 0.1.3
      tslib: 2.8.1
    dev: false

  /@types/node@20.17.10:
    resolution: {integrity: sha512-/jrvh5h6NXhEauFFexRin69nA0uHJ5gwk4iDivp/DeoEua3uwCUto6PC86IpRITBOs4+6i2I56K5x5b6WYGXHA==}
    dependencies:
      undici-types: 6.19.8
    dev: true

  /@types/prop-types@15.7.14:
    resolution: {integrity: sha512-gNMvNH49DJ7OJYv+KAKn0Xp45p8PLl6zo2YnvDIbTd4J6MER2BmWN49TG7n9LvkyihINxeKW8+3bfS2yDC9dzQ==}
    dev: true

  /@types/react-dom@18.3.0:
    resolution: {integrity: sha512-EhwApuTmMBmXuFOikhQLIBUn6uFg81SwLMOAUgodJF14SOBOCMdU04gDoYi0WOJJHD144TL32z4yDqCW3dnkQg==}
    dependencies:
      '@types/react': 18.3.3
    dev: true

  /@types/react@18.3.3:
    resolution: {integrity: sha512-hti/R0pS0q1/xx+TsI73XIqk26eBsISZ2R0wUijXIngRK9R/e7Xw/cXVxQK7R5JjW+SV4zGcn5hXjudkN/pLIw==}
    dependencies:
      '@types/prop-types': 15.7.14
      csstype: 3.1.3
    dev: true

  /@uploadthing/mime-types@0.3.4:
    resolution: {integrity: sha512-EB0o0a4y++UJFMLqS8LDVhSQgXUllG6t5fwl5cbmOM0Uay8YY5Nc/JjFwzJ8wccdIKz4oYwQW7EOSfUyaMPbfw==}
    dev: false

  /@uploadthing/react@7.1.5(next@14.2.11)(react@18.3.1)(uploadthing@7.4.4):
    resolution: {integrity: sha512-D0lP4YnUWw5LFHrLuL+sq26wlul9dGE70G+oOQ+qkM1ZqSeKSGvIdAIOAQUBj2qQi4Re7o0VpF3+3qBF3svN6A==}
    peerDependencies:
      next: '*'
      react: ^17.0.2 || ^18.0.0 || ^19.0.0
      uploadthing: ^7.2.0
    peerDependenciesMeta:
      next:
        optional: true
    dependencies:
      '@uploadthing/shared': 7.1.5
      file-selector: 0.6.0
      next: 14.2.11(react-dom@18.3.1)(react@18.3.1)
      react: 18.3.1
      uploadthing: 7.4.4(next@14.2.11)
    dev: false

  /@uploadthing/shared@7.1.5:
    resolution: {integrity: sha512-5ePSiR2CPA5a8gfPqsHpE/uPwGG9iPqhxcFpeLGnEuExPqIi5ZY7upZgpc+6T1gMxwfbP0O5X4043TTNk3q/pA==}
    dependencies:
      '@uploadthing/mime-types': 0.3.4
      effect: 3.11.5
      sqids: 0.3.0
    dev: false

  /acorn-walk@8.3.4:
    resolution: {integrity: sha512-ueEepnujpqee2o5aIYnvHU6C0A42MNdsIDeqy5BydrkuC5R1ZuUFnm27EeFJGoEHJQgn3uleRvmTXaJgfXbt4g==}
    engines: {node: '>=0.4.0'}
    dependencies:
      acorn: 8.14.0
    dev: true

  /acorn@8.14.0:
    resolution: {integrity: sha512-cl669nCJTZBsL97OF4kUQm5g5hC2uihk0NxY3WENAC0TYdILVkAyHymAntgxGkl7K+t0cXIrH5siy5S4XkFycA==}
    engines: {node: '>=0.4.0'}
    hasBin: true
    dev: true

  /busboy@1.6.0:
    resolution: {integrity: sha512-8SFQbg/0hQ9xy3UNTB0YEnsNBbWfhf7RtnzpL7TkBiTBRfrQ9Fxcnz7VJsleJpyp6rVLvXiuORqjlHi5q+PYuA==}
    engines: {node: '>=10.16.0'}
    dependencies:
      streamsearch: 1.1.0
    dev: false

  /caniuse-lite@1.0.30001690:
    resolution: {integrity: sha512-5ExiE3qQN6oF8Clf8ifIDcMRCRE/dMGcETG/XGMD8/XiXm6HXQgQTh1yZYLXXpSOsEUlJm1Xr7kGULZTuGtP/w==}
    dev: false

  /client-only@0.0.1:
    resolution: {integrity: sha512-IV3Ou0jSMzZrd3pZ48nLkT9DA7Ag1pnPzaiQhpW7c3RbcqqzvzzVu+L8gfqMp/8IM2MQtSiqaCxrrcfu8I8rMA==}
    dev: false

  /commander@7.2.0:
    resolution: {integrity: sha512-QrWXB+ZQSVPmIWIhtEO9H+gwHaMGYiF5ChvoJ+K9ZGHG/sVsa6yiesAD1GC/x46sET00Xlwo1u49RVVVzvcSkw==}
    engines: {node: '>= 10'}
    dev: true

  /csstype@3.1.3:
    resolution: {integrity: sha512-M1uQkMl8rQK/szD0LNhtqxIPLpimGm8sOBwU7lLnCpSbTyY3yeU1Vc7l4KT5zT4s/yOxHH5O7tIuuLOCnLADRw==}
    dev: true

  /debounce@1.2.1:
    resolution: {integrity: sha512-XRRe6Glud4rd/ZGQfiV1ruXSfbvfJedlV9Y6zOlP+2K04vBYiJEte6stfFkCP03aMnY5tsipamumUjL14fofug==}
    dev: true

  /duplexer@0.1.2:
    resolution: {integrity: sha512-jtD6YG370ZCIi/9GTaJKQxWTZD045+4R4hTk/x1UyoqadyJ9x9CgSi1RlVDQF8U2sxLLSnFkCaMihqljHIWgMg==}
    dev: true

  /effect@3.11.5:
    resolution: {integrity: sha512-oSzaR/S/2A/qDTnDqMWxQUNSjCG2sRLB4NEvTu+l9RqE122MTgKXOWzw0x4MHsdovRTzAihfkpgBj2aLFnH2+w==}
    dependencies:
      fast-check: 3.23.2
    dev: false

  /escape-string-regexp@4.0.0:
    resolution: {integrity: sha512-TtpcNJ3XAzx3Gq8sWRzJaVajRs0uVxA2YAkdb1jm2YkPz4G6egUFAyA3n5vtEIZefPk5Wa4UXbKuS5fKkJWdgA==}
    engines: {node: '>=10'}
    dev: true

  /fast-check@3.23.2:
    resolution: {integrity: sha512-h5+1OzzfCC3Ef7VbtKdcv7zsstUQwUDlYpUTvjeUsJAssPgLn7QzbboPtL5ro04Mq0rPOsMzl7q5hIbRs2wD1A==}
    engines: {node: '>=8.0.0'}
    dependencies:
      pure-rand: 6.1.0
    dev: false

  /file-selector@0.6.0:
    resolution: {integrity: sha512-QlZ5yJC0VxHxQQsQhXvBaC7VRJ2uaxTf+Tfpu4Z/OcVQJVpZO+DGU0rkoVW5ce2SccxugvpBJoMvUs59iILYdw==}
    engines: {node: '>= 12'}
    dependencies:
      tslib: 2.8.1
    dev: false

  /find-my-way-ts@0.1.5:
    resolution: {integrity: sha512-4GOTMrpGQVzsCH2ruUn2vmwzV/02zF4q+ybhCIrw/Rkt3L8KWcycdC6aJMctJzwN4fXD4SD5F/4B9Sksh5rE0A==}
    dev: false

  /graceful-fs@4.2.11:
    resolution: {integrity: sha512-RbJ5/jmFcNNCcDV5o9eTnBLJ/HszWV0P73bc+Ff4nS/rJj+YaS6IGyiOL0VoBYX+l1Wrl3k63h/KrH+nhJ0XvQ==}
    dev: false

  /gzip-size@6.0.0:
    resolution: {integrity: sha512-ax7ZYomf6jqPTQ4+XCpUGyXKHk5WweS+e05MBO4/y3WJ5RkmPXNKvX+bx1behVILVwr6JSQvZAku021CHPXG3Q==}
    engines: {node: '>=10'}
    dependencies:
      duplexer: 0.1.2
    dev: true

  /html-escaper@2.0.2:
    resolution: {integrity: sha512-H2iMtd0I4Mt5eYiapRdIDjp+XzelXQ0tFE4JS7YFwFevXXMmOp9myNrUvCg0D6ws8iqkRPBfKHgbwig1SmlLfg==}
    dev: true

  /is-plain-object@5.0.0:
    resolution: {integrity: sha512-VRSzKkbMm5jMDoKLbltAkFQ5Qr7VDiTFGXxYFXXowVj387GeGNOCsOH6Msy00SGZ3Fp84b1Naa1psqgcCIEP5Q==}
    engines: {node: '>=0.10.0'}
    dev: true

  /js-tokens@4.0.0:
    resolution: {integrity: sha512-RdJUflcE3cUzKiMqQgsCu06FPu9UdIJO0beYbPhHN4k6apgJtifcoCtT9bcxOpYBtpD2kCM6Sbzg4CausW/PKQ==}
    dev: false

  /loose-envify@1.4.0:
    resolution: {integrity: sha512-lyuxPGr/Wfhrlem2CL/UcnUc1zcqKAImBDzukY7Y5F/yQiNdko6+fRLevlw1HgMySw7f611UIY408EtxRSoK3Q==}
    hasBin: true
    dependencies:
      js-tokens: 4.0.0
    dev: false

  /mrmime@2.0.0:
    resolution: {integrity: sha512-eu38+hdgojoyq63s+yTpN4XMBdt5l8HhMhc4VKLO9KM5caLIBvUm4thi7fFaxyTmCKeNnXZ5pAlBwCUnhA09uw==}
    engines: {node: '>=10'}
    dev: true

  /multipasta@0.2.5:
    resolution: {integrity: sha512-c8eMDb1WwZcE02WVjHoOmUVk7fnKU/RmUcosHACglrWAuPQsEJv+E8430sXj6jNc1jHw0zrS16aCjQh4BcEb4A==}
    dev: false

  /nanoid@3.3.8:
    resolution: {integrity: sha512-WNLf5Sd8oZxOm+TzppcYk8gVOgP+l58xNy58D0nbUnOxOWRWvlcCV4kUF7ltmI6PsrLl/BgKEyS4mqsGChFN0w==}
    engines: {node: ^10 || ^12 || ^13.7 || ^14 || >=15.0.1}
    hasBin: true
    dev: false

  /next@14.2.11(react-dom@18.3.1)(react@18.3.1):
    resolution: {integrity: sha512-8MDFqHBhdmR2wdfaWc8+lW3A/hppFe1ggQ9vgIu/g2/2QEMYJrPoQP6b+VNk56gIug/bStysAmrpUKtj3XN8Bw==}
    engines: {node: '>=18.17.0'}
    hasBin: true
    peerDependencies:
      '@opentelemetry/api': ^1.1.0
      '@playwright/test': ^1.41.2
      react: ^18.2.0
      react-dom: ^18.2.0
      sass: ^1.3.0
    peerDependenciesMeta:
      '@opentelemetry/api':
        optional: true
      '@playwright/test':
        optional: true
      sass:
        optional: true
    dependencies:
      '@next/env': 14.2.11
      '@swc/helpers': 0.5.5
      busboy: 1.6.0
      caniuse-lite: 1.0.30001690
      graceful-fs: 4.2.11
      postcss: 8.4.31
      react: 18.3.1
      react-dom: 18.3.1(react@18.3.1)
      styled-jsx: 5.1.1(react@18.3.1)
    optionalDependencies:
      '@next/swc-darwin-arm64': 14.2.11
      '@next/swc-darwin-x64': 14.2.11
      '@next/swc-linux-arm64-gnu': 14.2.11
      '@next/swc-linux-arm64-musl': 14.2.11
      '@next/swc-linux-x64-gnu': 14.2.11
      '@next/swc-linux-x64-musl': 14.2.11
      '@next/swc-win32-arm64-msvc': 14.2.11
      '@next/swc-win32-ia32-msvc': 14.2.11
      '@next/swc-win32-x64-msvc': 14.2.11
    transitivePeerDependencies:
      - '@babel/core'
      - babel-plugin-macros
    dev: false

  /opener@1.5.2:
    resolution: {integrity: sha512-ur5UIdyw5Y7yEj9wLzhqXiy6GZ3Mwx0yGI+5sMn2r0N0v3cKJvUmFH5yPP+WXh9e0xfyzyJX95D8l088DNFj7A==}
    hasBin: true
    dev: true

  /picocolors@1.1.1:
    resolution: {integrity: sha512-xceH2snhtb5M9liqDsmEw56le376mTZkEX/jEb/RxNFyegNul7eNslCXP9FDj/Lcu0X8KEyMceP2ntpaHrDEVA==}

  /postcss@8.4.31:
    resolution: {integrity: sha512-PS08Iboia9mts/2ygV3eLpY5ghnUcfLV/EXTOW1E2qYxJKGGBUtNjN76FYHnMs36RmARn41bC0AZmn+rR0OVpQ==}
    engines: {node: ^10 || ^12 || >=14}
    dependencies:
      nanoid: 3.3.8
      picocolors: 1.1.1
      source-map-js: 1.2.1
    dev: false

  /pure-rand@6.1.0:
    resolution: {integrity: sha512-bVWawvoZoBYpp6yIoQtQXHZjmz35RSVHnUOTefl8Vcjr8snTPY1wnpSPMWekcFwbxI6gtmT7rSYPFvz71ldiOA==}
    dev: false

  /react-dom@18.3.1(react@18.3.1):
    resolution: {integrity: sha512-5m4nQKp+rZRb09LNH59GM4BxTh9251/ylbKIbpe7TpGxfJ+9kv6BLkLBXIjjspbgbnIBNqlI23tRnTWT0snUIw==}
    peerDependencies:
      react: ^18.3.1
    dependencies:
      loose-envify: 1.4.0
      react: 18.3.1
      scheduler: 0.23.2
    dev: false

  /react@18.3.1:
    resolution: {integrity: sha512-wS+hAgJShR0KhEvPJArfuPVN1+Hz1t0Y6n5jLrGQbkb4urgPE/0Rve+1kMB1v/oWgHgm4WIcV+i7F2pTVj+2iQ==}
    engines: {node: '>=0.10.0'}
    dependencies:
      loose-envify: 1.4.0
    dev: false

  /scheduler@0.23.2:
    resolution: {integrity: sha512-UOShsPwz7NrMUqhR6t0hWjFduvOzbtv7toDH1/hIrfRNIDBnnBWd0CwJTGvTpngVlmwGCdP9/Zl/tVrDqcuYzQ==}
    dependencies:
      loose-envify: 1.4.0
    dev: false

  /sirv@2.0.4:
    resolution: {integrity: sha512-94Bdh3cC2PKrbgSOUqTiGPWVZeSiXfKOVZNJniWoqrWrRkB1CJzBU3NEbiTsPcYy1lDsANA/THzS+9WBiy5nfQ==}
    engines: {node: '>= 10'}
    dependencies:
      '@polka/url': 1.0.0-next.28
      mrmime: 2.0.0
      totalist: 3.0.1
    dev: true

  /source-map-js@1.2.1:
    resolution: {integrity: sha512-UXWMKhLOwVKb728IUtQPXxfYU+usdybtUrK/8uGE8CQMvrhOpwvzDBwj0QhSL7MQc7vIsISBG8VQ8+IDQxpfQA==}
    engines: {node: '>=0.10.0'}
    dev: false

  /sqids@0.3.0:
    resolution: {integrity: sha512-lOQK1ucVg+W6n3FhRwwSeUijxe93b51Bfz5PMRMihVf1iVkl82ePQG7V5vwrhzB11v0NtsR25PSZRGiSomJaJw==}
    dev: false

  /streamsearch@1.1.0:
    resolution: {integrity: sha512-Mcc5wHehp9aXz1ax6bZUyY5afg9u2rv5cqQI3mRrYkGC8rW2hM02jWuwjtL++LS5qinSyhj2QfLyNsuc+VsExg==}
    engines: {node: '>=10.0.0'}
    dev: false

  /styled-jsx@5.1.1(react@18.3.1):
    resolution: {integrity: sha512-pW7uC1l4mBZ8ugbiZrcIsiIvVx1UmTfw7UkC3Um2tmfUq9Bhk8IiyEIPl6F8agHgjzku6j0xQEZbfA5uSgSaCw==}
    engines: {node: '>= 12.0.0'}
    peerDependencies:
      '@babel/core': '*'
      babel-plugin-macros: '*'
      react: '>= 16.8.0 || 17.x.x || ^18.0.0-0'
    peerDependenciesMeta:
      '@babel/core':
        optional: true
      babel-plugin-macros:
        optional: true
    dependencies:
      client-only: 0.0.1
      react: 18.3.1
    dev: false

  /totalist@3.0.1:
    resolution: {integrity: sha512-sf4i37nQ2LBx4m3wB74y+ubopq6W/dIzXg0FDGjsYnZHVa1Da8FH853wlL2gtUhg+xJXjfk3kUZS3BRoQeoQBQ==}
    engines: {node: '>=6'}
    dev: true

  /tslib@2.8.1:
    resolution: {integrity: sha512-oJFu94HQb+KVduSUQL7wnpmqnfmLsOA/nAh6b6EH0wCEoK0/mPeXU6c3wKDV83MkOuHPRHtSXKKU99IBazS/2w==}
    dev: false

  /typescript@5.7.2:
    resolution: {integrity: sha512-i5t66RHxDvVN40HfDd1PsEThGNnlMCMT3jMUuoh9/0TaqWevNontacunWyN02LA9/fIbEWlcHZcgTKb9QoaLfg==}
    engines: {node: '>=14.17'}
    hasBin: true
    dev: true

  /undici-types@6.19.8:
    resolution: {integrity: sha512-ve2KP6f/JnbPBFyobGHuerC9g1FYGn/F8n1LWTwNxCEzd6IfqTwUQcNXgEtmmQ6DlRrC1hrSrBnCZPokRrDHjw==}
    dev: true

  /uploadthing@7.4.4(next@14.2.11):
    resolution: {integrity: sha512-dgV8LqaKrXSnpDkqzzLbVEmIubMPi8a5bRtIzM+rG5EbZpIZyOG0bByLxdSlkSbK5L6F+HbIGX5eDkLPFNL8dg==}
    engines: {node: '>=18.13.0'}
    peerDependencies:
      express: '*'
      fastify: '*'
      h3: '*'
      next: '*'
      tailwindcss: ^3.0.0 || ^4.0.0-beta.0
    peerDependenciesMeta:
      express:
        optional: true
      fastify:
        optional: true
      h3:
        optional: true
      next:
        optional: true
      tailwindcss:
        optional: true
    dependencies:
      '@effect/platform': 0.70.7(effect@3.11.5)
      '@standard-schema/spec': 1.0.0-beta.3
      '@uploadthing/mime-types': 0.3.4
      '@uploadthing/shared': 7.1.5
      effect: 3.11.5
      next: 14.2.11(react-dom@18.3.1)(react@18.3.1)
    dev: false

  /webpack-bundle-analyzer@4.10.1:
    resolution: {integrity: sha512-s3P7pgexgT/HTUSYgxJyn28A+99mmLq4HsJepMPzu0R8ImJc52QNqaFYW1Z2z2uIb1/J3eYgaAWVpaC+v/1aAQ==}
    engines: {node: '>= 10.13.0'}
    hasBin: true
    dependencies:
      '@discoveryjs/json-ext': 0.5.7
      acorn: 8.14.0
      acorn-walk: 8.3.4
      commander: 7.2.0
      debounce: 1.2.1
      escape-string-regexp: 4.0.0
      gzip-size: 6.0.0
      html-escaper: 2.0.2
      is-plain-object: 5.0.0
      opener: 1.5.2
      picocolors: 1.1.1
      sirv: 2.0.4
      ws: 7.5.10
    transitivePeerDependencies:
      - bufferutil
      - utf-8-validate
    dev: true

  /ws@7.5.10:
    resolution: {integrity: sha512-+dbF1tHwZpXcbOJdVOkzLDxZP1ailvSxM6ZweXTegylPny803bFhA+vqBYw4s31NSAk4S2Qz+AKXK9a4wkdjcQ==}
    engines: {node: '>=8.3.0'}
    peerDependencies:
      bufferutil: ^4.0.1
      utf-8-validate: ^5.0.2
    peerDependenciesMeta:
      bufferutil:
        optional: true
      utf-8-validate:
        optional: true
    dev: true
